
Microsoft Visual Studio Solution File, Format Version 12.00
# Visual Studio 2012
Project("{FAE04EC0-301F-11D3-BF4B-00C04F79EFBC}") = "WizardImitator", "WizardImitator\WizardImitator.csproj", "{48BC23EC-B73B-4674-B04A-B69F5B6A25E6}"
EndProject
Global
	GlobalSection(SolutionConfigurationPlatforms) = preSolution
		Debug|Any CPU = Debug|Any CPU
		Release|Any CPU = Release|Any CPU
	EndGlobalSection
	GlobalSection(ProjectConfigurationPlatforms) = postSolution
		{48BC23EC-B73B-4674-B04A-B69F5B6A25E6}.Debug|Any CPU.ActiveCfg = Debug|Any CPU
		{48BC23EC-B73B-4674-B04A-B69F5B6A25E6}.Debug|Any CPU.Build.0 = Debug|Any CPU
		{48BC23EC-B73B-4674-B04A-B69F5B6A25E6}.Release|Any CPU.ActiveCfg = Release|Any CPU
		{48BC23EC-B73B-4674-B04A-B69F5B6A25E6}.Release|Any CPU.Build.0 = Release|Any CPU
	EndGlobalSection
	GlobalSection(SolutionProperties) = preSolution
		HideSolutionNode = FALSE
	EndGlobalSection
EndGlobal
